
Microsoft Visual Studio Solution File, Format Version 12.00
# Visual Studio Version 16
VisualStudioVersion = 16.0.30011.22
MinimumVisualStudioVersion = 10.0.40219.1
Project("{8BC9CEB8-8B4A-11D0-8D11-00A0C91BC942}") = "Mistix", "Mistix.vcxproj", "{38270C5D-72C7-4197-AFB1-B868A6147D24}"
EndProject
Global
	GlobalSection(SolutionConfigurationPlatforms) = preSolution
		Debug|x64 = Debug|x64
		Debug|x86 = Debug|x86
		Release|x64 = Release|x64
		Release|x86 = Release|x86
	EndGlobalSection
	GlobalSection(ProjectConfigurationPlatforms) = postSolution
		{38270C5D-72C7-4197-AFB1-B868A6147D24}.Debug|x64.ActiveCfg = Debug|x64
		{38270C5D-72C7-4197-AFB1-B868A6147D24}.Debug|x64.Build.0 = Debug|x64
		{38270C5D-72C7-4197-AFB1-B868A6147D24}.Debug|x86.ActiveCfg = Debug|Win32
		{38270C5D-72C7-4197-AFB1-B868A6147D24}.Debug|x86.Build.0 = Debug|Win32
		{38270C5D-72C7-4197-AFB1-B868A6147D24}.Release|x64.ActiveCfg = Release|x64
		{38270C5D-72C7-4197-AFB1-B868A6147D24}.Release|x64.Build.0 = Release|x64
		{38270C5D-72C7-4197-AFB1-B868A6147D24}.Release|x86.ActiveCfg = Release|Win32
		{38270C5D-72C7-4197-AFB1-B868A6147D24}.Release|x86.Build.0 = Release|Win32
	EndGlobalSection
	GlobalSection(SolutionProperties) = preSolution
		HideSolutionNode = FALSE
	EndGlobalSection
	GlobalSection(ExtensibilityGlobals) = postSolution
		SolutionGuid = {A01D1460-CB91-4BEE-AABD-A4E7F7BFF656}
	EndGlobalSection
EndGlobal
